
Microsoft Visual Studio Solution File, Format Version 12.00
# Visual Studio Version 16
VisualStudioVersion = 16.0.31112.23
MinimumVisualStudioVersion = 10.0.40219.1
Project("{9A19103F-16F7-4668-BE54-9A1E7A4F7556}") = "ICICILombard.TeamsApp.ChampApp", "ICICILombard.TeamsApp.ChampApp\ICICILombard.TeamsApp.ChampApp.csproj", "{B3D451C6-3ED6-4059-B0F9-55D3A56D9107}"
EndProject
Global
	GlobalSection(SolutionConfigurationPlatforms) = preSolution
		Debug|Any CPU = Debug|Any CPU
		Release|Any CPU = Release|Any CPU
	EndGlobalSection
	GlobalSection(ProjectConfigurationPlatforms) = postSolution
		{B3D451C6-3ED6-4059-B0F9-55D3A56D9107}.Debug|Any CPU.ActiveCfg = Debug|Any CPU
		{B3D451C6-3ED6-4059-B0F9-55D3A56D9107}.Debug|Any CPU.Build.0 = Debug|Any CPU
		{B3D451C6-3ED6-4059-B0F9-55D3A56D9107}.Release|Any CPU.ActiveCfg = Release|Any CPU
		{B3D451C6-3ED6-4059-B0F9-55D3A56D9107}.Release|Any CPU.Build.0 = Release|Any CPU
	EndGlobalSection
	GlobalSection(SolutionProperties) = preSolution
		HideSolutionNode = FALSE
	EndGlobalSection
	GlobalSection(ExtensibilityGlobals) = postSolution
		SolutionGuid = {923387F0-B8D5-446F-8C8B-04B8BE0EA021}
	EndGlobalSection
EndGlobal
